// !$*UTF8*$!
{
	archiveVersion = 1;
	classes = {
	};
	objectVersion = 50;
	objects = {

/* Begin PBXBuildFile section */
		C4F90FF026C14EA100F00C2A /* AppDelegate.swift in Sources */ = {isa = PBXBuildFile; fileRef = C4F90FEF26C14EA100F00C2A /* AppDelegate.swift */; };
		C4F90FF226C14EA100F00C2A /* SceneDelegate.swift in Sources */ = {isa = PBXBuildFile; fileRef = C4F90FF126C14EA100F00C2A /* SceneDelegate.swift */; };
		C4F90FF426C14EA100F00C2A /* ViewController.swift in Sources */ = {isa = PBXBuildFile; fileRef = C4F90FF326C14EA100F00C2A /* ViewController.swift */; };
		C4F90FF726C14EA100F00C2A /* Main.storyboard in Resources */ = {isa = PBXBuildFile; fileRef = C4F90FF526C14EA100F00C2A /* Main.storyboard */; };
		C4F90FF926C14EA400F00C2A /* Assets.xcassets in Resources */ = {isa = PBXBuildFile; fileRef = C4F90FF826C14EA400F00C2A /* Assets.xcassets */; };
		C4F90FFC26C14EA400F00C2A /* LaunchScreen.storyboard in Resources */ = {isa = PBXBuildFile; fileRef = C4F90FFA26C14EA400F00C2A /* LaunchScreen.storyboard */; };
		C4F9100426C15F0A00F00C2A /* ImageCollectionViewCell.swift in Sources */ = {isa = PBXBuildFile; fileRef = C4F9100326C15F0A00F00C2A /* ImageCollectionViewCell.swift */; };
/* End PBXBuildFile section */

/* Begin PBXFileReference section */
		C4F90FEC26C14EA100F00C2A /* SearchPhotoApp.app */ = {isa = PBXFileReference; explicitFileType = wrapper.application; includeInIndex = 0; path = SearchPhotoApp.app; sourceTree = BUILT_PRODUCTS_DIR; };
		C4F90FEF26C14EA100F00C2A /* AppDelegate.swift */ = {isa = PBXFileReference; lastKnownFileType = sourcecode.swift; path = AppDelegate.swift; sourceTree = "<group>"; };
		C4F90FF126C14EA100F00C2A /* SceneDelegate.swift */ = {isa = PBXFileReference; lastKnownFileType = sourcecode.swift; path = SceneDelegate.swift; sourceTree = "<group>"; };
		C4F90FF326C14EA100F00C2A /* ViewController.swift */ = {isa = PBXFileReference; lastKnownFileType = sourcecode.swift; path = ViewController.swift; sourceTree = "<group>"; };
		C4F90FF626C14EA100F00C2A /* Base */ = {isa = PBXFileReference; lastKnownFileType = file.storyboard; name = Base; path = Base.lproj/Main.storyboard; sourceTree = "<group>"; };
		C4F90FF826C14EA400F00C2A /* Assets.xcassets */ = {isa = PBXFileReference; lastKnownFileType = folder.assetcatalog; path = Assets.xcassets; sourceTree = "<group>"; };
		C4F90FFB26C14EA400F00C2A /* Base */ = {isa = PBXFileReference; lastKnownFileType = file.storyboard; name = Base; path = Base.lproj/LaunchScreen.storyboard; sourceTree = "<group>"; };
		C4F90FFD26C14EA400F00C2A /* Info.plist */ = {isa = PBXFileReference; lastKnownFileType = text.plist.xml; path = Info.plist; sourceTree = "<group>"; };
		C4F9100326C15F0A00F00C2A /* ImageCollectionViewCell.swift */ = {isa = PBXFileReference; lastKnownFileType = sourcecode.swift; path = ImageCollectionViewCell.swift; sourceTree = "<group>"; };
/* End PBXFileReference section */

/* Begin PBXFrameworksBuildPhase section */
		C4F90FE926C14EA100F00C2A /* Frameworks */ = {
			isa = PBXFrameworksBuildPhase;
			buildActionMask = 2147483647;
			files = (
			);
			runOnlyForDeploymentPostprocessing = 0;
		};
/* End PBXFrameworksBuildPhase section */

/* Begin PBXGroup section */
		C4F90FE326C14EA100F00C2A = {
			isa = PBXGroup;
			children = (
				C4F90FEE26C14EA100F00C2A /* SearchPhotoApp */,
				C4F90FED26C14EA100F00C2A /* Products */,
			);
			sourceTree = "<group>";
		};
		C4F90FED26C14EA100F00C2A /* Products */ = {
			isa = PBXGroup;
			children = (
				C4F90FEC26C14EA100F00C2A /* SearchPhotoApp.app */,
			);
			name = Products;
			sourceTree = "<group>";
		};
		C4F90FEE26C14EA100F00C2A /* SearchPhotoApp */ = {
			isa = PBXGroup;
			children = (
				C4F90FEF26C14EA100F00C2A /* AppDelegate.swift */,
				C4F90FF126C14EA100F00C2A /* SceneDelegate.swift */,
				C4F90FF326C14EA100F00C2A /* ViewController.swift */,
				C4F9100326C15F0A00F00C2A /* ImageCollectionViewCell.swift */,
				C4F90FF526C14EA100F00C2A /* Main.storyboard */,
				C4F90FF826C14EA400F00C2A /* Assets.xcassets */,
				C4F90FFA26C14EA400F00C2A /* LaunchScreen.storyboard */,
				C4F90FFD26C14EA400F00C2A /* Info.plist */,
			);
			path = SearchPhotoApp;
			sourceTree = "<group>";
		};
/* End PBXGroup section */

/* Begin PBXNativeTarget section */
		C4F90FEB26C14EA100F00C2A /* SearchPhotoApp */ = {
			isa = PBXNativeTarget;
			buildConfigurationList = C4F9100026C14EA400F00C2A /* Build configuration list for PBXNativeTarget "SearchPhotoApp" */;
			buildPhases = (
				C4F90FE826C14EA100F00C2A /* Sources */,
				C4F90FE926C14EA100F00C2A /* Frameworks */,
				C4F90FEA26C14EA100F00C2A /* Resources */,
			);
			buildRules = (
			);
			dependencies = (
			);
			name = SearchPhotoApp;
			productName = SearchPhotoApp;
			productReference = C4F90FEC26C14EA100F00C2A /* SearchPhotoApp.app */;
			productType = "com.apple.product-type.application";
		};
/* End PBXNativeTarget section */

/* Begin PBXProject section */
		C4F90FE426C14EA100F00C2A /* Project object */ = {
			isa = PBXProject;
			attributes = {
				LastSwiftUpdateCheck = 1250;
				LastUpgradeCheck = 1250;
				TargetAttributes = {
					C4F90FEB26C14EA100F00C2A = {
						CreatedOnToolsVersion = 12.5.1;
					};
				};
			};
			buildConfigurationList = C4F90FE726C14EA100F00C2A /* Build configuration list for PBXProject "SearchPhotoApp" */;
			compatibilityVersion = "Xcode 9.3";
			developmentRegion = en;
			hasScannedForEncodings = 0;
			knownRegions = (
				en,
				Base,
			);
			mainGroup = C4F90FE326C14EA100F00C2A;
			productRefGroup = C4F90FED26C14EA100F00C2A /* Products */;
			projectDirPath = "";
			projectRoot = "";
			targets = (
				C4F90FEB26C14EA100F00C2A /* SearchPhotoApp */,
			);
		};
/* End PBXProject section */

/* Begin PBXResourcesBuildPhase section */
		C4F90FEA26C14EA100F00C2A /* Resources */ = {
			isa = PBXResourcesBuildPhase;
			buildActionMask = 2147483647;
			files = (
				C4F90FFC26C14EA400F00C2A /* LaunchScreen.storyboard in Resources */,
				C4F90FF926C14EA400F00C2A /* Assets.xcassets in Resources */,
				C4F90FF726C14EA100F00C2A /* Main.storyboard in Resources */,
			);
			runOnlyForDeploymentPostprocessing = 0;
		};
/* End PBXResourcesBuildPhase section */

/* Begin PBXSourcesBuildPhase section */
		C4F90FE826C14EA100F00C2A /* Sources */ = {
			isa = PBXSourcesBuildPhase;
			buildActionMask = 2147483647;
			files = (
				C4F90FF426C14EA100F00C2A /* ViewController.swift in Sources */,
				C4F90FF026C14EA100F00C2A /* AppDelegate.swift in Sources */,
				C4F9100426C15F0A00F00C2A /* ImageCollectionViewCell.swift in Sources */,
				C4F90FF226C14EA100F00C2A /* SceneDelegate.swift in Sources */,
			);
			runOnlyForDeploymentPostprocessing = 0;
		};
/* End PBXSourcesBuildPhase section */

/* Begin PBXVariantGroup section */
		C4F90FF526C14EA100F00C2A /* Main.storyboard */ = {
			isa = PBXVariantGroup;
			children = (
				C4F90FF626C14EA100F00C2A /* Base */,
			);
			name = Main.storyboard;
			sourceTree = "<group>";
		};
		C4F90FFA26C14EA400F00C2A /* LaunchScreen.storyboard */ = {
			isa = PBXVariantGroup;
			children = (
				C4F90FFB26C14EA400F00C2A /* Base */,
			);
			name = LaunchScreen.storyboard;
			sourceTree = "<group>";
		};
/* End PBXVariantGroup section */

/* Begin XCBuildConfiguration section */
		C4F90FFE26C14EA400F00C2A /* Debug */ = {
			isa = XCBuildConfiguration;
			buildSettings = {
				ALWAYS_SEARCH_USER_PATHS = NO;
				CLANG_ANALYZER_NONNULL = YES;
				CLANG_ANALYZER_NUMBER_OBJECT_CONVERSION = YES_AGGRESSIVE;
				CLANG_CXX_LANGUAGE_STANDARD = "gnu++14";
				CLANG_CXX_LIBRARY = "libc++";
				CLANG_ENABLE_MODULES = YES;
				CLANG_ENABLE_OBJC_ARC = YES;
				CLANG_ENABLE_OBJC_WEAK = YES;
				CLANG_WARN_BLOCK_CAPTURE_AUTORELEASING = YES;
				CLANG_WARN_BOOL_CONVERSION = YES;
				CLANG_WARN_COMMA = YES;
				CLANG_WARN_CONSTANT_CONVERSION = YES;
				CLANG_WARN_DEPRECATED_OBJC_IMPLEMENTATIONS = YES;
				CLANG_WARN_DIRECT_OBJC_ISA_USAGE = YES_ERROR;
				CLANG_WARN_DOCUMENTATION_COMMENTS = YES;
				CLANG_WARN_EMPTY_BODY = YES;
				CLANG_WARN_ENUM_CONVERSION = YES;
				CLANG_WARN_INFINITE_RECURSION = YES;
				CLANG_WARN_INT_CONVERSION = YES;
				CLANG_WARN_NON_LITERAL_NULL_CONVERSION = YES;
				CLANG_WARN_OBJC_IMPLICIT_RETAIN_SELF = YES;
				CLANG_WARN_OBJC_LITERAL_CONVERSION = YES;
				CLANG_WARN_OBJC_ROOT_CLASS = YES_ERROR;
				CLANG_WARN_QUOTED_INCLUDE_IN_FRAMEWORK_HEADER = YES;
				CLANG_WARN_RANGE_LOOP_ANALYSIS = YES;
				CLANG_WARN_STRICT_PROTOTYPES = YES;
				CLANG_WARN_SUSPICIOUS_MOVE = YES;
				CLANG_WARN_UNGUARDED_AVAILABILITY = YES_AGGRESSIVE;
				CLANG_WARN_UNREACHABLE_CODE = YES;
				CLANG_WARN__DUPLICATE_METHOD_MATCH = YES;
				COPY_PHASE_STRIP = NO;
				DEBUG_INFORMATION_FORMAT = dwarf;
				ENABLE_STRICT_OBJC_MSGSEND = YES;
				ENABLE_TESTABILITY = YES;
				GCC_C_LANGUAGE_STANDARD = gnu11;
				GCC_DYNAMIC_NO_PIC = NO;
				GCC_NO_COMMON_BLOCKS = YES;
				GCC_OPTIMIZATION_LEVEL = 0;
				GCC_PREPROCESSOR_DEFINITIONS = (
					"DEBUG=1",
					"$(inherited)",
				);
				GCC_WARN_64_TO_32_BIT_CONVERSION = YES;
				GCC_WARN_ABOUT_RETURN_TYPE = YES_ERROR;
				GCC_WARN_UNDECLARED_SELECTOR = YES;
				GCC_WARN_UNINITIALIZED_AUTOS = YES_AGGRESSIVE;
				GCC_WARN_UNUSED_FUNCTION = YES;
				GCC_WARN_UNUSED_VARIABLE = YES;
				IPHONEOS_DEPLOYMENT_TARGET = 14.5;
				MTL_ENABLE_DEBUG_INFO = INCLUDE_SOURCE;
				MTL_FAST_MATH = YES;
				ONLY_ACTIVE_ARCH = YES;
				SDKROOT = iphoneos;
				SWIFT_ACTIVE_COMPILATION_CONDITIONS = DEBUG;
				SWIFT_OPTIMIZATION_LEVEL = "-Onone";
			};
			name = Debug;
		};
		C4F90FFF26C14EA400F00C2A /* Release */ = {
			isa = XCBuildConfiguration;
			buildSettings = {
				ALWAYS_SEARCH_USER_PATHS = NO;
				CLANG_ANALYZER_NONNULL = YES;
				CLANG_ANALYZER_NUMBER_OBJECT_CONVERSION = YES_AGGRESSIVE;
				CLANG_CXX_LANGUAGE_STANDARD = "gnu++14";
				CLANG_CXX_LIBRARY = "libc++";
				CLANG_ENABLE_MODULES = YES;
				CLANG_ENABLE_OBJC_ARC = YES;
				CLANG_ENABLE_OBJC_WEAK = YES;
				CLANG_WARN_BLOCK_CAPTURE_AUTORELEASING = YES;
				CLANG_WARN_BOOL_CONVERSION = YES;
				CLANG_WARN_COMMA = YES;
				CLANG_WARN_CONSTANT_CONVERSION = YES;
				CLANG_WARN_DEPRECATED_OBJC_IMPLEMENTATIONS = YES;
				CLANG_WARN_DIRECT_OBJC_ISA_USAGE = YES_ERROR;
				CLANG_WARN_DOCUMENTATION_COMMENTS = YES;
				CLANG_WARN_EMPTY_BODY = YES;
				CLANG_WARN_ENUM_CONVERSION = YES;
				CLANG_WARN_INFINITE_RECURSION = YES;
				CLANG_WARN_INT_CONVERSION = YES;
				CLANG_WARN_NON_LITERAL_NULL_CONVERSION = YES;
				CLANG_WARN_OBJC_IMPLICIT_RETAIN_SELF = YES;
				CLANG_WARN_OBJC_LITERAL_CONVERSION = YES;
				CLANG_WARN_OBJC_ROOT_CLASS = YES_ERROR;
				CLANG_WARN_QUOTED_INCLUDE_IN_FRAMEWORK_HEADER = YES;
				CLANG_WARN_RANGE_LOOP_ANALYSIS = YES;
				CLANG_WARN_STRICT_PROTOTYPES = YES;
				CLANG_WARN_SUSPICIOUS_MOVE = YES;
				CLANG_WARN_UNGUARDED_AVAILABILITY = YES_AGGRESSIVE;
				CLANG_WARN_UNREACHABLE_CODE = YES;
				CLANG_WARN__DUPLICATE_METHOD_MATCH = YES;
				COPY_PHASE_STRIP = NO;
				DEBUG_INFORMATION_FORMAT = "dwarf-with-dsym";
				ENABLE_NS_ASSERTIONS = NO;
				ENABLE_STRICT_OBJC_MSGSEND = YES;
				GCC_C_LANGUAGE_STANDARD = gnu11;
				GCC_NO_COMMON_BLOCKS = YES;
				GCC_WARN_64_TO_32_BIT_CONVERSION = YES;
				GCC_WARN_ABOUT_RETURN_TYPE = YES_ERROR;
				GCC_WARN_UNDECLARED_SELECTOR = YES;
				GCC_WARN_UNINITIALIZED_AUTOS = YES_AGGRESSIVE;
				GCC_WARN_UNUSED_FUNCTION = YES;
				GCC_WARN_UNUSED_VARIABLE = YES;
				IPHONEOS_DEPLOYMENT_TARGET = 14.5;
				MTL_ENABLE_DEBUG_INFO = NO;
				MTL_FAST_MATH = YES;
				SDKROOT = iphoneos;
				SWIFT_COMPILATION_MODE = wholemodule;
				SWIFT_OPTIMIZATION_LEVEL = "-O";
				VALIDATE_PRODUCT = YES;
			};
			name = Release;
		};
		C4F9100126C14EA400F00C2A /* Debug */ = {
			isa = XCBuildConfiguration;
			buildSettings = {
				ASSETCATALOG_COMPILER_APPICON_NAME = AppIcon;
				ASSETCATALOG_COMPILER_GLOBAL_ACCENT_COLOR_NAME = AccentColor;
				CODE_SIGN_STYLE = Automatic;
				DEVELOPMENT_TEAM = 4Y25Y3UT85;
				INFOPLIST_FILE = SearchPhotoApp/Info.plist;
				LD_RUNPATH_SEARCH_PATHS = (
					"$(inherited)",
					"@executable_path/Frameworks",
				);
				PRODUCT_BUNDLE_IDENTIFIER = TSM.SearchPhotoApp;
				PRODUCT_NAME = "$(TARGET_NAME)";
				SWIFT_VERSION = 5.0;
				TARGETED_DEVICE_FAMILY = "1,2";
			};
			name = Debug;
		};
		C4F9100226C14EA400F00C2A /* Release */ = {
			isa = XCBuildConfiguration;
			buildSettings = {
				ASSETCATALOG_COMPILER_APPICON_NAME = AppIcon;
				ASSETCATALOG_COMPILER_GLOBAL_ACCENT_COLOR_NAME = AccentColor;
				CODE_SIGN_STYLE = Automatic;
				DEVELOPMENT_TEAM = 4Y25Y3UT85;
				INFOPLIST_FILE = SearchPhotoApp/Info.plist;
				LD_RUNPATH_SEARCH_PATHS = (
					"$(inherited)",
					"@executable_path/Frameworks",
				);
				PRODUCT_BUNDLE_IDENTIFIER = TSM.SearchPhotoApp;
				PRODUCT_NAME = "$(TARGET_NAME)";
				SWIFT_VERSION = 5.0;
				TARGETED_DEVICE_FAMILY = "1,2";
			};
			name = Release;
		};
/* End XCBuildConfiguration section */

/* Begin XCConfigurationList section */
		C4F90FE726C14EA100F00C2A /* Build configuration list for PBXProject "SearchPhotoApp" */ = {
			isa = XCConfigurationList;
			buildConfigurations = (
				C4F90FFE26C14EA400F00C2A /* Debug */,
				C4F90FFF26C14EA400F00C2A /* Release */,
			);
			defaultConfigurationIsVisible = 0;
			defaultConfigurationName = Release;
		};
		C4F9100026C14EA400F00C2A /* Build configuration list for PBXNativeTarget "SearchPhotoApp" */ = {
			isa = XCConfigurationList;
			buildConfigurations = (
				C4F9100126C14EA400F00C2A /* Debug */,
				C4F9100226C14EA400F00C2A /* Release */,
			);
			defaultConfigurationIsVisible = 0;
			defaultConfigurationName = Release;
		};
/* End XCConfigurationList section */
	};
	rootObject = C4F90FE426C14EA100F00C2A /* Project object */;
}
